
Microsoft Visual Studio Solution File, Format Version 12.00
# Visual Studio Version 16
VisualStudioVersion = 16.0.810.3
MinimumVisualStudioVersion = 10.0.40219.1
Project("{FAE04EC0-301F-11D3-BF4B-00C04F79EFBC}") = "EFDemoWeb", "EFDemoWeb.csproj", "{0BE48E63-6CE5-49CA-AA99-0E103C66F409}"
EndProject
Global
	GlobalSection(SolutionConfigurationPlatforms) = preSolution
		Debug|Any CPU = Debug|Any CPU
		Release|Any CPU = Release|Any CPU
	EndGlobalSection
	GlobalSection(ProjectConfigurationPlatforms) = postSolution
		{0BE48E63-6CE5-49CA-AA99-0E103C66F409}.Debug|Any CPU.ActiveCfg = Debug|Any CPU
		{0BE48E63-6CE5-49CA-AA99-0E103C66F409}.Debug|Any CPU.Build.0 = Debug|Any CPU
		{0BE48E63-6CE5-49CA-AA99-0E103C66F409}.Release|Any CPU.ActiveCfg = Release|Any CPU
		{0BE48E63-6CE5-49CA-AA99-0E103C66F409}.Release|Any CPU.Build.0 = Release|Any CPU
	EndGlobalSection
	GlobalSection(SolutionProperties) = preSolution
		HideSolutionNode = FALSE
	EndGlobalSection
	GlobalSection(ExtensibilityGlobals) = postSolution
		SolutionGuid = {849B963B-C156-4759-AE06-48D2EC50001E}
	EndGlobalSection
EndGlobal
